{
    "_readme": [
        "This file locks the dependencies of your project to a known state",
        "Read more about it at https://getcomposer.org/doc/01-basic-usage.md#installing-dependencies",
        "This file is @generated automatically"
    ],
    "content-hash": "ed954e9f5858c905107b9ce9182cdfba",
    "packages": [
        {
            "name": "sop/asn1",
            "version": "4.1.1",
            "source": {
                "type": "git",
                "url": "https://github.com/sop/asn1.git",
                "reference": "074efe8f7c353c54edc809ac3d74efda83edd776"
            },
            "dist": {
                "type": "zip",
                "url": "https://api.github.com/repos/sop/asn1/zipball/074efe8f7c353c54edc809ac3d74efda83edd776",
                "reference": "074efe8f7c353c54edc809ac3d74efda83edd776",
                "shasum": ""
            },
            "require": {
                "ext-gmp": "*",
                "ext-mbstring": "*",
                "php": ">=7.2"
            },
            "require-dev": {
                "phpunit/phpunit": "^8.1"
            },
            "type": "library",
            "autoload": {
                "psr-4": {
                    "Sop\\ASN1\\": "lib/ASN1/"
                }
            },
            "notification-url": "https://packagist.org/downloads/",
            "license": [
                "MIT"
            ],
            "authors": [
                {
                    "name": "Joni Eskelinen",
                    "email": "jonieske@gmail.com",
                    "role": "Developer"
                }
            ],
            "description": "A PHP library for X.690 ASN.1 DER encoding and decoding.",
            "homepage": "https://github.com/sop/asn1",
            "keywords": [
                "DER",
                "asn.1",
                "asn1",
                "x.690",
                "x690"
            ],
            "support": {
                "issues": "https://github.com/sop/asn1/issues",
                "source": "https://github.com/sop/asn1/tree/4.1.1"
            },
            "time": "2022-02-17T07:08:51+00:00"
        }
    ],
    "packages-dev": [],
    "aliases": [],
    "minimum-stability": "stable",
    "stability-flags": {},
    "prefer-stable": false,
    "prefer-lowest": false,
    "platform": {
        "php": "^7.1 || ^8.0"
    },
    "platform-dev": {},
    "plugin-api-version": "2.6.0"
}
